{
  "version": 4,
  "terraform_version": "1.5.7",
  "serial": 25,
  "lineage": "a56a8fb9-f633-e30d-2f0e-08b7d1607af0",
  "outputs": {
    "iam_user_name": {
      "value": "arn:aws:iam::851725257310:user/terraform_user",
      "type": "string"
    }
  },
  "resources": [
    {
      "module": "module.backend",
      "mode": "managed",
      "type": "aws_dynamodb_table",
      "name": "state_lock_table",
      "provider": "provider[\"registry.terraform.io/hashicorp/aws\"]",
      "instances": [
        {
          "schema_version": 1,
          "attributes": {
            "arn": "arn:aws:dynamodb:eu-north-1:851725257310:table/terraform_state_locks",
            "attribute": [
              {
                "name": "LockID",
                "type": "S"
              }
            ],
            "billing_mode": "PAY_PER_REQUEST",
            "deletion_protection_enabled": false,
            "global_secondary_index": [],
            "hash_key": "LockID",
            "id": "terraform_state_locks",
            "import_table": [],
            "local_secondary_index": [],
            "name": "terraform_state_locks",
            "point_in_time_recovery": [
              {
                "enabled": false
              }
            ],
            "range_key": null,
            "read_capacity": 0,
            "replica": [],
            "restore_date_time": null,
            "restore_source_name": null,
            "restore_to_latest_time": null,
            "server_side_encryption": [],
            "stream_arn": "",
            "stream_enabled": false,
            "stream_label": "",
            "stream_view_type": "",
            "table_class": "STANDARD",
            "tags": {
              "Name": "terraform_state_locks"
            },
            "tags_all": {
              "Name": "terraform_state_locks"
            },
            "timeouts": null,
            "ttl": [
              {
                "attribute_name": "",
                "enabled": false
              }
            ],
            "write_capacity": 0
          },
          "sensitive_attributes": [],
          "private": "eyJlMmJmYjczMC1lY2FhLTExZTYtOGY4OC0zNDM2M2JjN2M0YzAiOnsiY3JlYXRlIjoxODAwMDAwMDAwMDAwLCJkZWxldGUiOjYwMDAwMDAwMDAwMCwidXBkYXRlIjozNjAwMDAwMDAwMDAwfSwic2NoZW1hX3ZlcnNpb24iOiIxIn0="
        }
      ]
    },
    {
      "module": "module.backend",
      "mode": "managed",
      "type": "aws_iam_user",
      "name": "terraform_user",
      "provider": "provider[\"registry.terraform.io/hashicorp/aws\"]",
      "instances": [
        {
          "schema_version": 0,
          "attributes": {
            "arn": "arn:aws:iam::851725257310:user/terraform_user",
            "force_destroy": false,
            "id": "terraform_user",
            "name": "terraform_user",
            "path": "/",
            "permissions_boundary": "",
            "tags": null,
            "tags_all": {},
            "unique_id": "AIDA4MTWIBJPKSU5W47SH"
          },
          "sensitive_attributes": [],
          "private": "bnVsbA=="
        }
      ]
    },
    {
      "module": "module.backend",
      "mode": "managed",
      "type": "aws_iam_user_policy_attachment",
      "name": "admin_policy_attachment",
      "provider": "provider[\"registry.terraform.io/hashicorp/aws\"]",
      "instances": [
        {
          "schema_version": 0,
          "attributes": {
            "id": "terraform_user-20240302100540045200000001",
            "policy_arn": "arn:aws:iam::aws:policy/AdministratorAccess",
            "user": "terraform_user"
          },
          "sensitive_attributes": [],
          "private": "bnVsbA==",
          "dependencies": [
            "module.backend.aws_iam_user.terraform_user"
          ]
        }
      ]
    },
    {
      "module": "module.backend",
      "mode": "managed",
      "type": "aws_s3_bucket",
      "name": "terraform_state_bucket",
      "provider": "provider[\"registry.terraform.io/hashicorp/aws\"]",
      "instances": [
        {
          "schema_version": 0,
          "attributes": {
            "acceleration_status": "",
            "acl": null,
            "arn": "arn:aws:s3:::terraform-state-bucket-erply",
            "bucket": "terraform-state-bucket-erply",
            "bucket_domain_name": "terraform-state-bucket-erply.s3.amazonaws.com",
            "bucket_prefix": "",
            "bucket_regional_domain_name": "terraform-state-bucket-erply.s3.eu-north-1.amazonaws.com",
            "cors_rule": [],
            "force_destroy": false,
            "grant": [
              {
                "id": "b145f6617e0e44bf8e5d4feb0c8febc364e4b4c54ea9ffb816f19c7d264d2c35",
                "permissions": [
                  "FULL_CONTROL"
                ],
                "type": "CanonicalUser",
                "uri": ""
              }
            ],
            "hosted_zone_id": "Z3BAZG2TWCNX0D",
            "id": "terraform-state-bucket-erply",
            "lifecycle_rule": [],
            "logging": [],
            "object_lock_configuration": [],
            "object_lock_enabled": false,
            "policy": "",
            "region": "eu-north-1",
            "replication_configuration": [],
            "request_payer": "BucketOwner",
            "server_side_encryption_configuration": [
              {
                "rule": [
                  {
                    "apply_server_side_encryption_by_default": [
                      {
                        "kms_master_key_id": "",
                        "sse_algorithm": "AES256"
                      }
                    ],
                    "bucket_key_enabled": false
                  }
                ]
              }
            ],
            "tags": {
              "Name": "terraform-state-bucket-erply"
            },
            "tags_all": {
              "Name": "terraform-state-bucket-erply"
            },
            "timeouts": null,
            "versioning": [
              {
                "enabled": true,
                "mfa_delete": false
              }
            ],
            "website": [],
            "website_domain": null,
            "website_endpoint": null
          },
          "sensitive_attributes": [],
          "private": "eyJlMmJmYjczMC1lY2FhLTExZTYtOGY4OC0zNDM2M2JjN2M0YzAiOnsiY3JlYXRlIjoxMjAwMDAwMDAwMDAwLCJkZWxldGUiOjM2MDAwMDAwMDAwMDAsInJlYWQiOjEyMDAwMDAwMDAwMDAsInVwZGF0ZSI6MTIwMDAwMDAwMDAwMH19"
        }
      ]
    },
    {
      "module": "module.backend",
      "mode": "managed",
      "type": "aws_s3_bucket_policy",
      "name": "aws_s3_bucket_policy",
      "provider": "provider[\"registry.terraform.io/hashicorp/aws\"]",
      "instances": [
        {
          "schema_version": 0,
          "attributes": {
            "bucket": "terraform-state-bucket-erply",
            "id": "terraform-state-bucket-erply",
            "policy": "{\"Statement\":[{\"Action\":\"s3:ListBucket\",\"Effect\":\"Allow\",\"Principal\":{\"AWS\":\"arn:aws:iam::851725257310:user/terraform_user\"},\"Resource\":\"arn:aws:s3:::terraform-state-bucket-erply\"},{\"Action\":[\"s3:GetObject\",\"s3:PutObject\"],\"Effect\":\"Allow\",\"Principal\":{\"AWS\":\"arn:aws:iam::851725257310:user/terraform_user\"},\"Resource\":\"arn:aws:s3:::terraform-state-bucket-erply/*\"}],\"Version\":\"2012-10-17\"}"
          },
          "sensitive_attributes": [],
          "private": "bnVsbA==",
          "dependencies": [
            "module.backend.aws_iam_user.terraform_user",
            "module.backend.aws_s3_bucket.terraform_state_bucket"
          ]
        }
      ]
    },
    {
      "module": "module.backend",
      "mode": "managed",
      "type": "aws_s3_bucket_versioning",
      "name": "versioning_enabled",
      "provider": "provider[\"registry.terraform.io/hashicorp/aws\"]",
      "instances": [
        {
          "schema_version": 0,
          "attributes": {
            "bucket": "terraform-state-bucket-erply",
            "expected_bucket_owner": "",
            "id": "terraform-state-bucket-erply",
            "mfa": null,
            "versioning_configuration": [
              {
                "mfa_delete": "",
                "status": "Enabled"
              }
            ]
          },
          "sensitive_attributes": [],
          "private": "bnVsbA==",
          "dependencies": [
            "module.backend.aws_s3_bucket.terraform_state_bucket"
          ]
        }
      ]
    }
  ],
  "check_results": null
}
